
Microsoft Visual Studio Solution File, Format Version 12.00
# Visual Studio 15
VisualStudioVersion = 15.0.27703.2042
MinimumVisualStudioVersion = 10.0.40219.1
Project("{FAE04EC0-301F-11D3-BF4B-00C04F79EFBC}") = "MipSdkFileApiDotNet", "MipSdk-FileApi-DotNet-OnBehalfOf\MipSdkFileApiDotNet.csproj", "{06311F30-A1C1-4736-989A-A99A805CCDEE}"
EndProject
Global
	GlobalSection(SolutionConfigurationPlatforms) = preSolution
		Debug|Any CPU = Debug|Any CPU
		Debug|x64 = Debug|x64
		Debug|x86 = Debug|x86
		Release|Any CPU = Release|Any CPU
		Release|x64 = Release|x64
		Release|x86 = Release|x86
	EndGlobalSection
	GlobalSection(ProjectConfigurationPlatforms) = postSolution
		{06311F30-A1C1-4736-989A-A99A805CCDEE}.Debug|Any CPU.ActiveCfg = Debug|Any CPU
		{06311F30-A1C1-4736-989A-A99A805CCDEE}.Debug|Any CPU.Build.0 = Debug|Any CPU
		{06311F30-A1C1-4736-989A-A99A805CCDEE}.Debug|x64.ActiveCfg = Debug|x64
		{06311F30-A1C1-4736-989A-A99A805CCDEE}.Debug|x64.Build.0 = Debug|x64
		{06311F30-A1C1-4736-989A-A99A805CCDEE}.Debug|x86.ActiveCfg = Debug|x86
		{06311F30-A1C1-4736-989A-A99A805CCDEE}.Debug|x86.Build.0 = Debug|x86
		{06311F30-A1C1-4736-989A-A99A805CCDEE}.Release|Any CPU.ActiveCfg = Release|Any CPU
		{06311F30-A1C1-4736-989A-A99A805CCDEE}.Release|Any CPU.Build.0 = Release|Any CPU
		{06311F30-A1C1-4736-989A-A99A805CCDEE}.Release|x64.ActiveCfg = Release|x64
		{06311F30-A1C1-4736-989A-A99A805CCDEE}.Release|x64.Build.0 = Release|x64
		{06311F30-A1C1-4736-989A-A99A805CCDEE}.Release|x86.ActiveCfg = Release|x86
		{06311F30-A1C1-4736-989A-A99A805CCDEE}.Release|x86.Build.0 = Release|x86
	EndGlobalSection
	GlobalSection(SolutionProperties) = preSolution
		HideSolutionNode = FALSE
	EndGlobalSection
	GlobalSection(ExtensibilityGlobals) = postSolution
		SolutionGuid = {218A45EB-7EF5-4450-88A2-135A21A7E192}
	EndGlobalSection
EndGlobal
